# Generated by pub
# See https://dart.dev/tools/pub/glossary#lockfile
packages:
  formz:
    dependency: "direct main"
    description:
      name: formz
      sha256: b2b4cb99b228020d2c7185500eed1c02ca290dd4cc19edaf42df17f5dc546d5a
      url: "https://pub.dev"
    source: hosted
    version: "0.6.0"
  meta:
    dependency: transitive
    description:
      name: meta
      sha256: "3c74dbf8763d36539f114c799d8a2d87343b5067e9d796ca22b5eb8437090ee3"
      url: "https://pub.dev"
    source: hosted
    version: "1.9.1"
sdks:
  dart: ">=3.0.0 <4.0.0"
  flutter: ">=3.10.0"
